
Microsoft Visual Studio Solution File, Format Version 12.00
# Visual Studio Version 17
VisualStudioVersion = 17.2.32602.215
MinimumVisualStudioVersion = 10.0.40219.1
Project("{FAE04EC0-301F-11D3-BF4B-00C04F79EFBC}") = "Noise-Generators", "Noise-Generators\Noise-Generators.csproj", "{73F8280D-FEEF-4F49-9ED1-D6ED382BE579}"
EndProject
Project("{FAE04EC0-301F-11D3-BF4B-00C04F79EFBC}") = "Test-Forms", "Test-Forms\Test-Forms.csproj", "{324E0688-4809-43E4-B682-58730429171D}"
EndProject
Global
	GlobalSection(SolutionConfigurationPlatforms) = preSolution
		Debug|Any CPU = Debug|Any CPU
		Release|Any CPU = Release|Any CPU
	EndGlobalSection
	GlobalSection(ProjectConfigurationPlatforms) = postSolution
		{73F8280D-FEEF-4F49-9ED1-D6ED382BE579}.Debug|Any CPU.ActiveCfg = Debug|Any CPU
		{73F8280D-FEEF-4F49-9ED1-D6ED382BE579}.Debug|Any CPU.Build.0 = Debug|Any CPU
		{73F8280D-FEEF-4F49-9ED1-D6ED382BE579}.Release|Any CPU.ActiveCfg = Release|Any CPU
		{73F8280D-FEEF-4F49-9ED1-D6ED382BE579}.Release|Any CPU.Build.0 = Release|Any CPU
		{324E0688-4809-43E4-B682-58730429171D}.Debug|Any CPU.ActiveCfg = Debug|Any CPU
		{324E0688-4809-43E4-B682-58730429171D}.Debug|Any CPU.Build.0 = Debug|Any CPU
		{324E0688-4809-43E4-B682-58730429171D}.Release|Any CPU.ActiveCfg = Release|Any CPU
		{324E0688-4809-43E4-B682-58730429171D}.Release|Any CPU.Build.0 = Release|Any CPU
	EndGlobalSection
	GlobalSection(SolutionProperties) = preSolution
		HideSolutionNode = FALSE
	EndGlobalSection
	GlobalSection(ExtensibilityGlobals) = postSolution
		SolutionGuid = {37569395-0222-4F09-A483-2C1A1D0E4AE5}
	EndGlobalSection
EndGlobal
